
Microsoft Visual Studio Solution File, Format Version 12.00
# Visual Studio 15
VisualStudioVersion = 15.0.27703.2000
MinimumVisualStudioVersion = 10.0.40219.1
Project("{FAE04EC0-301F-11D3-BF4B-00C04F79EFBC}") = "UltraWeightMonitor.Web", "UltraWeightMonitor.Web\UltraWeightMonitor.Web.csproj", "{DDB8BE2F-F71B-4364-8D56-54B73EFFCC0C}"
EndProject
Project("{2150E333-8FDC-42A3-9474-1A3956D46DE8}") = "Solution items", "Solution items", "{A14E4A19-815C-422D-AACB-2E38B173207F}"
	ProjectSection(SolutionItems) = preProject
		..\.gitignore = ..\.gitignore
		..\README.md = ..\README.md
	EndProjectSection
EndProject
Global
	GlobalSection(SolutionConfigurationPlatforms) = preSolution
		Debug|Any CPU = Debug|Any CPU
		Release|Any CPU = Release|Any CPU
	EndGlobalSection
	GlobalSection(ProjectConfigurationPlatforms) = postSolution
		{DDB8BE2F-F71B-4364-8D56-54B73EFFCC0C}.Debug|Any CPU.ActiveCfg = Debug|Any CPU
		{DDB8BE2F-F71B-4364-8D56-54B73EFFCC0C}.Debug|Any CPU.Build.0 = Debug|Any CPU
		{DDB8BE2F-F71B-4364-8D56-54B73EFFCC0C}.Release|Any CPU.ActiveCfg = Release|Any CPU
		{DDB8BE2F-F71B-4364-8D56-54B73EFFCC0C}.Release|Any CPU.Build.0 = Release|Any CPU
	EndGlobalSection
	GlobalSection(SolutionProperties) = preSolution
		HideSolutionNode = FALSE
	EndGlobalSection
	GlobalSection(ExtensibilityGlobals) = postSolution
		SolutionGuid = {CCE02BD4-86AD-4E0E-B03C-F5E0583998B8}
	EndGlobalSection
EndGlobal
